// !$*UTF8*$!
{
	archiveVersion = 1;
	classes = {
	};
	objectVersion = 56;
	objects = {

/* Begin PBXBuildFile section */
		FE16DE8E2BE3EE9F002D16AC /* OTPTextField.swift in Sources */ = {isa = PBXBuildFile; fileRef = FE16DE8D2BE3EE9F002D16AC /* OTPTextField.swift */; };
		FE16DE902BE3F2E3002D16AC /* UIStackView+Extensions.swift in Sources */ = {isa = PBXBuildFile; fileRef = FE16DE8F2BE3F2E3002D16AC /* UIStackView+Extensions.swift */; };
		FE16DE972BE55C59002D16AC /* ResetPasswordNewPasswordVC.swift in Sources */ = {isa = PBXBuildFile; fileRef = FE16DE952BE55C58002D16AC /* ResetPasswordNewPasswordVC.swift */; };
		FE16DE982BE55C59002D16AC /* ResetPasswordNewPasswordVC.xib in Resources */ = {isa = PBXBuildFile; fileRef = FE16DE962BE55C58002D16AC /* ResetPasswordNewPasswordVC.xib */; };
		FE16DEA02BE56432002D16AC /* TabBarVC.swift in Sources */ = {isa = PBXBuildFile; fileRef = FE16DE9E2BE56431002D16AC /* TabBarVC.swift */; };
		FE16DEA32BE64249002D16AC /* TabBarPage.swift in Sources */ = {isa = PBXBuildFile; fileRef = FE16DEA22BE64249002D16AC /* TabBarPage.swift */; };
		FE16DEA52BE642F8002D16AC /* String+Extensions.swift in Sources */ = {isa = PBXBuildFile; fileRef = FE16DEA42BE642F8002D16AC /* String+Extensions.swift */; };
		FE16DEAB2BE779A7002D16AC /* HomeVC.swift in Sources */ = {isa = PBXBuildFile; fileRef = FE16DEA92BE779A7002D16AC /* HomeVC.swift */; };
		FE16DEAC2BE779A7002D16AC /* HomeVC.xib in Resources */ = {isa = PBXBuildFile; fileRef = FE16DEAA2BE779A7002D16AC /* HomeVC.xib */; };
		FE16DEB02BE7B7EA002D16AC /* TeamsCollectionViewCell.swift in Sources */ = {isa = PBXBuildFile; fileRef = FE16DEAE2BE7B7EA002D16AC /* TeamsCollectionViewCell.swift */; };
		FE16DEB12BE7B7EA002D16AC /* TeamsCollectionViewCell.xib in Resources */ = {isa = PBXBuildFile; fileRef = FE16DEAF2BE7B7EA002D16AC /* TeamsCollectionViewCell.xib */; };
		FE3793CB2BEBEE37002B7C18 /* TeamPlayerListVC.swift in Sources */ = {isa = PBXBuildFile; fileRef = FE3793C92BEBEE37002B7C18 /* TeamPlayerListVC.swift */; };
		FE3793CC2BEBEE37002B7C18 /* TeamPlayerListVC.xib in Resources */ = {isa = PBXBuildFile; fileRef = FE3793CA2BEBEE37002B7C18 /* TeamPlayerListVC.xib */; };
		FE3D0DC22BE26CC400B59BD7 /* ResetPasswordVC.swift in Sources */ = {isa = PBXBuildFile; fileRef = FE3D0DC02BE26CC400B59BD7 /* ResetPasswordVC.swift */; };
		FE3D0DC32BE26CC400B59BD7 /* ResetPasswordVC.xib in Resources */ = {isa = PBXBuildFile; fileRef = FE3D0DC12BE26CC400B59BD7 /* ResetPasswordVC.xib */; };
		FE4AE4562BE93A5500E1C211 /* TeamDetailVC.swift in Sources */ = {isa = PBXBuildFile; fileRef = FE4AE4542BE93A5500E1C211 /* TeamDetailVC.swift */; };
		FE4AE4572BE93A5500E1C211 /* TeamDetailVC.xib in Resources */ = {isa = PBXBuildFile; fileRef = FE4AE4552BE93A5500E1C211 /* TeamDetailVC.xib */; };
		FE4AE45C2BE977F800E1C211 /* TeamDetailPlayerCellView.swift in Sources */ = {isa = PBXBuildFile; fileRef = FE4AE45B2BE977F800E1C211 /* TeamDetailPlayerCellView.swift */; };
		FE4AE4602BE9781D00E1C211 /* TeamDetailPlayerCellView.xib in Resources */ = {isa = PBXBuildFile; fileRef = FE4AE45F2BE9781D00E1C211 /* TeamDetailPlayerCellView.xib */; };
		FE4AE4622BE9786A00E1C211 /* TeamDetailMatchCellView.swift in Sources */ = {isa = PBXBuildFile; fileRef = FE4AE4612BE9786A00E1C211 /* TeamDetailMatchCellView.swift */; };
		FE4AE4642BE9787400E1C211 /* TeamDetailMatchCellView.xib in Resources */ = {isa = PBXBuildFile; fileRef = FE4AE4632BE9787400E1C211 /* TeamDetailMatchCellView.xib */; };
		FE4D67FE2BF0D67C00504957 /* ManageTeamVC.swift in Sources */ = {isa = PBXBuildFile; fileRef = FE4D67FC2BF0D67C00504957 /* ManageTeamVC.swift */; };
		FE4D67FF2BF0D67C00504957 /* ManageTeamVC.xib in Resources */ = {isa = PBXBuildFile; fileRef = FE4D67FD2BF0D67C00504957 /* ManageTeamVC.xib */; };
		FE4D68022BF0D9BB00504957 /* ManageTeamPlayerCell.swift in Sources */ = {isa = PBXBuildFile; fileRef = FE4D68012BF0D9BB00504957 /* ManageTeamPlayerCell.swift */; };
		FE4D68042BF0D9C400504957 /* ManageTeamPlayerCell.xib in Resources */ = {isa = PBXBuildFile; fileRef = FE4D68032BF0D9C400504957 /* ManageTeamPlayerCell.xib */; };
		FE5CAFDE2BEEA57600646F66 /* TeamMatchsListVC.swift in Sources */ = {isa = PBXBuildFile; fileRef = FE5CAFDC2BEEA57600646F66 /* TeamMatchsListVC.swift */; };
		FE5CAFDF2BEEA57600646F66 /* TeamMatchsListVC.xib in Resources */ = {isa = PBXBuildFile; fileRef = FE5CAFDD2BEEA57600646F66 /* TeamMatchsListVC.xib */; };
		FE5CAFE32BEF853E00646F66 /* TeamPlayerDetailVC.swift in Sources */ = {isa = PBXBuildFile; fileRef = FE5CAFE12BEF853E00646F66 /* TeamPlayerDetailVC.swift */; };
		FE5CAFE42BEF853E00646F66 /* TeamPlayerDetailVC.xib in Resources */ = {isa = PBXBuildFile; fileRef = FE5CAFE22BEF853E00646F66 /* TeamPlayerDetailVC.xib */; };
		FE5CAFE82BEFD16100646F66 /* MKMagneticProgress.swift in Sources */ = {isa = PBXBuildFile; fileRef = FE5CAFE72BEFD16100646F66 /* MKMagneticProgress.swift */; };
		FE5CAFEC2BEFFB3B00646F66 /* TeamMatchDetailVC.swift in Sources */ = {isa = PBXBuildFile; fileRef = FE5CAFEA2BEFFB3B00646F66 /* TeamMatchDetailVC.swift */; };
		FE5CAFED2BEFFB3B00646F66 /* TeamMatchDetailVC.xib in Resources */ = {isa = PBXBuildFile; fileRef = FE5CAFEB2BEFFB3B00646F66 /* TeamMatchDetailVC.xib */; };
		FEBF05C12BDE57D600BA933E /* AppDelegate.swift in Sources */ = {isa = PBXBuildFile; fileRef = FEBF05C02BDE57D600BA933E /* AppDelegate.swift */; };
		FEBF05CA2BDE57DA00BA933E /* Assets.xcassets in Resources */ = {isa = PBXBuildFile; fileRef = FEBF05C92BDE57DA00BA933E /* Assets.xcassets */; };
		FEBF05CD2BDE57DA00BA933E /* LaunchScreen.storyboard in Resources */ = {isa = PBXBuildFile; fileRef = FEBF05CB2BDE57DA00BA933E /* LaunchScreen.storyboard */; };
		FEBF05D82BDE57DA00BA933E /* halisaha_iosTests.swift in Sources */ = {isa = PBXBuildFile; fileRef = FEBF05D72BDE57DA00BA933E /* halisaha_iosTests.swift */; };
		FEBF05E22BDE57DA00BA933E /* halisaha_iosUITests.swift in Sources */ = {isa = PBXBuildFile; fileRef = FEBF05E12BDE57DA00BA933E /* halisaha_iosUITests.swift */; };
		FEBF05E42BDE57DA00BA933E /* halisaha_iosUITestsLaunchTests.swift in Sources */ = {isa = PBXBuildFile; fileRef = FEBF05E32BDE57DA00BA933E /* halisaha_iosUITestsLaunchTests.swift */; };
		FEBF05F72BDE75E500BA933E /* LoginVC.swift in Sources */ = {isa = PBXBuildFile; fileRef = FEBF05F52BDE75E500BA933E /* LoginVC.swift */; };
		FEBF05F82BDE75E500BA933E /* LoginVC.xib in Resources */ = {isa = PBXBuildFile; fileRef = FEBF05F62BDE75E500BA933E /* LoginVC.xib */; };
		FEBF05FC2BDE75FB00BA933E /* RegisterVC.swift in Sources */ = {isa = PBXBuildFile; fileRef = FEBF05FA2BDE75FB00BA933E /* RegisterVC.swift */; };
		FEBF05FD2BDE75FB00BA933E /* RegisterVC.xib in Resources */ = {isa = PBXBuildFile; fileRef = FEBF05FB2BDE75FB00BA933E /* RegisterVC.xib */; };
		FEBF06012BDE78D800BA933E /* UIViewController+Extensions.swift in Sources */ = {isa = PBXBuildFile; fileRef = FEBF06002BDE78D800BA933E /* UIViewController+Extensions.swift */; };
		FEBF06052BDECB8300BA933E /* AuthVC.swift in Sources */ = {isa = PBXBuildFile; fileRef = FEBF06032BDECB8300BA933E /* AuthVC.swift */; };
		FEBF06062BDECB8300BA933E /* AuthVC.xib in Resources */ = {isa = PBXBuildFile; fileRef = FEBF06042BDECB8300BA933E /* AuthVC.xib */; };
		FEBF06082BDECBD300BA933E /* UIColor+Extensions.swift in Sources */ = {isa = PBXBuildFile; fileRef = FEBF06072BDECBD300BA933E /* UIColor+Extensions.swift */; };
		FEBF060A2BDED1CE00BA933E /* CGColor+Extensions.swift in Sources */ = {isa = PBXBuildFile; fileRef = FEBF06092BDED1CE00BA933E /* CGColor+Extensions.swift */; };
		FEBF060C2BDED4BB00BA933E /* Colors.xcassets in Resources */ = {isa = PBXBuildFile; fileRef = FEBF060B2BDED4BB00BA933E /* Colors.xcassets */; };
		FEBF060E2BDEE3DF00BA933E /* UIView+Layer.swift in Sources */ = {isa = PBXBuildFile; fileRef = FEBF060D2BDEE3DF00BA933E /* UIView+Layer.swift */; };
		FEBF06102BDEEE7300BA933E /* UIView+Extensions.swift in Sources */ = {isa = PBXBuildFile; fileRef = FEBF060F2BDEEE7300BA933E /* UIView+Extensions.swift */; };
		FEBF06122BDEEEFB00BA933E /* CALayer+Extensions.swift in Sources */ = {isa = PBXBuildFile; fileRef = FEBF06112BDEEEFB00BA933E /* CALayer+Extensions.swift */; };
		FEE8E8632BE3A4C1007C31CA /* OtpVC.swift in Sources */ = {isa = PBXBuildFile; fileRef = FEE8E8612BE3A4C1007C31CA /* OtpVC.swift */; };
		FEE8E8642BE3A4C1007C31CA /* OtpVC.xib in Resources */ = {isa = PBXBuildFile; fileRef = FEE8E8622BE3A4C1007C31CA /* OtpVC.xib */; };
/* End PBXBuildFile section */

/* Begin PBXContainerItemProxy section */
		FEBF05D42BDE57DA00BA933E /* PBXContainerItemProxy */ = {
			isa = PBXContainerItemProxy;
			containerPortal = FEBF05B52BDE57D600BA933E /* Project object */;
			proxyType = 1;
			remoteGlobalIDString = FEBF05BC2BDE57D600BA933E;
			remoteInfo = "halisaha-ios";
		};
		FEBF05DE2BDE57DA00BA933E /* PBXContainerItemProxy */ = {
			isa = PBXContainerItemProxy;
			containerPortal = FEBF05B52BDE57D600BA933E /* Project object */;
			proxyType = 1;
			remoteGlobalIDString = FEBF05BC2BDE57D600BA933E;
			remoteInfo = "halisaha-ios";
		};
/* End PBXContainerItemProxy section */

/* Begin PBXFileReference section */
		FE16DE8D2BE3EE9F002D16AC /* OTPTextField.swift */ = {isa = PBXFileReference; lastKnownFileType = sourcecode.swift; path = OTPTextField.swift; sourceTree = "<group>"; };
		FE16DE8F2BE3F2E3002D16AC /* UIStackView+Extensions.swift */ = {isa = PBXFileReference; lastKnownFileType = sourcecode.swift; path = "UIStackView+Extensions.swift"; sourceTree = "<group>"; };
		FE16DE952BE55C58002D16AC /* ResetPasswordNewPasswordVC.swift */ = {isa = PBXFileReference; lastKnownFileType = sourcecode.swift; path = ResetPasswordNewPasswordVC.swift; sourceTree = "<group>"; };
		FE16DE962BE55C58002D16AC /* ResetPasswordNewPasswordVC.xib */ = {isa = PBXFileReference; lastKnownFileType = file.xib; path = ResetPasswordNewPasswordVC.xib; sourceTree = "<group>"; };
		FE16DE9E2BE56431002D16AC /* TabBarVC.swift */ = {isa = PBXFileReference; lastKnownFileType = sourcecode.swift; path = TabBarVC.swift; sourceTree = "<group>"; };
		FE16DEA22BE64249002D16AC /* TabBarPage.swift */ = {isa = PBXFileReference; lastKnownFileType = sourcecode.swift; path = TabBarPage.swift; sourceTree = "<group>"; };
		FE16DEA42BE642F8002D16AC /* String+Extensions.swift */ = {isa = PBXFileReference; lastKnownFileType = sourcecode.swift; path = "String+Extensions.swift"; sourceTree = "<group>"; };
		FE16DEA92BE779A7002D16AC /* HomeVC.swift */ = {isa = PBXFileReference; lastKnownFileType = sourcecode.swift; path = HomeVC.swift; sourceTree = "<group>"; };
		FE16DEAA2BE779A7002D16AC /* HomeVC.xib */ = {isa = PBXFileReference; lastKnownFileType = file.xib; path = HomeVC.xib; sourceTree = "<group>"; };
		FE16DEAE2BE7B7EA002D16AC /* TeamsCollectionViewCell.swift */ = {isa = PBXFileReference; lastKnownFileType = sourcecode.swift; path = TeamsCollectionViewCell.swift; sourceTree = "<group>"; };
		FE16DEAF2BE7B7EA002D16AC /* TeamsCollectionViewCell.xib */ = {isa = PBXFileReference; lastKnownFileType = file.xib; path = TeamsCollectionViewCell.xib; sourceTree = "<group>"; };
		FE3793C92BEBEE37002B7C18 /* TeamPlayerListVC.swift */ = {isa = PBXFileReference; lastKnownFileType = sourcecode.swift; path = TeamPlayerListVC.swift; sourceTree = "<group>"; };
		FE3793CA2BEBEE37002B7C18 /* TeamPlayerListVC.xib */ = {isa = PBXFileReference; lastKnownFileType = file.xib; path = TeamPlayerListVC.xib; sourceTree = "<group>"; };
		FE3D0DC02BE26CC400B59BD7 /* ResetPasswordVC.swift */ = {isa = PBXFileReference; lastKnownFileType = sourcecode.swift; path = ResetPasswordVC.swift; sourceTree = "<group>"; };
		FE3D0DC12BE26CC400B59BD7 /* ResetPasswordVC.xib */ = {isa = PBXFileReference; lastKnownFileType = file.xib; path = ResetPasswordVC.xib; sourceTree = "<group>"; };
		FE4AE4542BE93A5500E1C211 /* TeamDetailVC.swift */ = {isa = PBXFileReference; lastKnownFileType = sourcecode.swift; path = TeamDetailVC.swift; sourceTree = "<group>"; };
		FE4AE4552BE93A5500E1C211 /* TeamDetailVC.xib */ = {isa = PBXFileReference; lastKnownFileType = file.xib; path = TeamDetailVC.xib; sourceTree = "<group>"; };
		FE4AE45B2BE977F800E1C211 /* TeamDetailPlayerCellView.swift */ = {isa = PBXFileReference; lastKnownFileType = sourcecode.swift; path = TeamDetailPlayerCellView.swift; sourceTree = "<group>"; };
		FE4AE45F2BE9781D00E1C211 /* TeamDetailPlayerCellView.xib */ = {isa = PBXFileReference; lastKnownFileType = file.xib; path = TeamDetailPlayerCellView.xib; sourceTree = "<group>"; };
		FE4AE4612BE9786A00E1C211 /* TeamDetailMatchCellView.swift */ = {isa = PBXFileReference; lastKnownFileType = sourcecode.swift; path = TeamDetailMatchCellView.swift; sourceTree = "<group>"; };
		FE4AE4632BE9787400E1C211 /* TeamDetailMatchCellView.xib */ = {isa = PBXFileReference; lastKnownFileType = file.xib; path = TeamDetailMatchCellView.xib; sourceTree = "<group>"; };
		FE4D67FC2BF0D67C00504957 /* ManageTeamVC.swift */ = {isa = PBXFileReference; lastKnownFileType = sourcecode.swift; path = ManageTeamVC.swift; sourceTree = "<group>"; };
		FE4D67FD2BF0D67C00504957 /* ManageTeamVC.xib */ = {isa = PBXFileReference; lastKnownFileType = file.xib; path = ManageTeamVC.xib; sourceTree = "<group>"; };
		FE4D68012BF0D9BB00504957 /* ManageTeamPlayerCell.swift */ = {isa = PBXFileReference; lastKnownFileType = sourcecode.swift; path = ManageTeamPlayerCell.swift; sourceTree = "<group>"; };
		FE4D68032BF0D9C400504957 /* ManageTeamPlayerCell.xib */ = {isa = PBXFileReference; lastKnownFileType = file.xib; path = ManageTeamPlayerCell.xib; sourceTree = "<group>"; };
		FE5CAFDC2BEEA57600646F66 /* TeamMatchsListVC.swift */ = {isa = PBXFileReference; lastKnownFileType = sourcecode.swift; path = TeamMatchsListVC.swift; sourceTree = "<group>"; };
		FE5CAFDD2BEEA57600646F66 /* TeamMatchsListVC.xib */ = {isa = PBXFileReference; lastKnownFileType = file.xib; path = TeamMatchsListVC.xib; sourceTree = "<group>"; };
		FE5CAFE12BEF853E00646F66 /* TeamPlayerDetailVC.swift */ = {isa = PBXFileReference; lastKnownFileType = sourcecode.swift; path = TeamPlayerDetailVC.swift; sourceTree = "<group>"; };
		FE5CAFE22BEF853E00646F66 /* TeamPlayerDetailVC.xib */ = {isa = PBXFileReference; lastKnownFileType = file.xib; path = TeamPlayerDetailVC.xib; sourceTree = "<group>"; };
		FE5CAFE72BEFD16100646F66 /* MKMagneticProgress.swift */ = {isa = PBXFileReference; lastKnownFileType = sourcecode.swift; path = MKMagneticProgress.swift; sourceTree = "<group>"; };
		FE5CAFEA2BEFFB3B00646F66 /* TeamMatchDetailVC.swift */ = {isa = PBXFileReference; lastKnownFileType = sourcecode.swift; path = TeamMatchDetailVC.swift; sourceTree = "<group>"; };
		FE5CAFEB2BEFFB3B00646F66 /* TeamMatchDetailVC.xib */ = {isa = PBXFileReference; lastKnownFileType = file.xib; path = TeamMatchDetailVC.xib; sourceTree = "<group>"; };
		FEBF05BD2BDE57D600BA933E /* halisaha-ios.app */ = {isa = PBXFileReference; explicitFileType = wrapper.application; includeInIndex = 0; path = "halisaha-ios.app"; sourceTree = BUILT_PRODUCTS_DIR; };
		FEBF05C02BDE57D600BA933E /* AppDelegate.swift */ = {isa = PBXFileReference; lastKnownFileType = sourcecode.swift; path = AppDelegate.swift; sourceTree = "<group>"; };
		FEBF05C92BDE57DA00BA933E /* Assets.xcassets */ = {isa = PBXFileReference; lastKnownFileType = folder.assetcatalog; path = Assets.xcassets; sourceTree = "<group>"; };
		FEBF05CC2BDE57DA00BA933E /* Base */ = {isa = PBXFileReference; lastKnownFileType = file.storyboard; name = Base; path = Base.lproj/LaunchScreen.storyboard; sourceTree = "<group>"; };
		FEBF05CE2BDE57DA00BA933E /* Info.plist */ = {isa = PBXFileReference; lastKnownFileType = text.plist.xml; path = Info.plist; sourceTree = "<group>"; };
		FEBF05D32BDE57DA00BA933E /* halisaha-iosTests.xctest */ = {isa = PBXFileReference; explicitFileType = wrapper.cfbundle; includeInIndex = 0; path = "halisaha-iosTests.xctest"; sourceTree = BUILT_PRODUCTS_DIR; };
		FEBF05D72BDE57DA00BA933E /* halisaha_iosTests.swift */ = {isa = PBXFileReference; lastKnownFileType = sourcecode.swift; path = halisaha_iosTests.swift; sourceTree = "<group>"; };
		FEBF05DD2BDE57DA00BA933E /* halisaha-iosUITests.xctest */ = {isa = PBXFileReference; explicitFileType = wrapper.cfbundle; includeInIndex = 0; path = "halisaha-iosUITests.xctest"; sourceTree = BUILT_PRODUCTS_DIR; };
		FEBF05E12BDE57DA00BA933E /* halisaha_iosUITests.swift */ = {isa = PBXFileReference; lastKnownFileType = sourcecode.swift; path = halisaha_iosUITests.swift; sourceTree = "<group>"; };
		FEBF05E32BDE57DA00BA933E /* halisaha_iosUITestsLaunchTests.swift */ = {isa = PBXFileReference; lastKnownFileType = sourcecode.swift; path = halisaha_iosUITestsLaunchTests.swift; sourceTree = "<group>"; };
		FEBF05F52BDE75E500BA933E /* LoginVC.swift */ = {isa = PBXFileReference; lastKnownFileType = sourcecode.swift; path = LoginVC.swift; sourceTree = "<group>"; };
		FEBF05F62BDE75E500BA933E /* LoginVC.xib */ = {isa = PBXFileReference; lastKnownFileType = file.xib; path = LoginVC.xib; sourceTree = "<group>"; };
		FEBF05FA2BDE75FB00BA933E /* RegisterVC.swift */ = {isa = PBXFileReference; lastKnownFileType = sourcecode.swift; path = RegisterVC.swift; sourceTree = "<group>"; };
		FEBF05FB2BDE75FB00BA933E /* RegisterVC.xib */ = {isa = PBXFileReference; lastKnownFileType = file.xib; path = RegisterVC.xib; sourceTree = "<group>"; };
		FEBF06002BDE78D800BA933E /* UIViewController+Extensions.swift */ = {isa = PBXFileReference; lastKnownFileType = sourcecode.swift; path = "UIViewController+Extensions.swift"; sourceTree = "<group>"; };
		FEBF06032BDECB8300BA933E /* AuthVC.swift */ = {isa = PBXFileReference; lastKnownFileType = sourcecode.swift; path = AuthVC.swift; sourceTree = "<group>"; };
		FEBF06042BDECB8300BA933E /* AuthVC.xib */ = {isa = PBXFileReference; lastKnownFileType = file.xib; path = AuthVC.xib; sourceTree = "<group>"; };
		FEBF06072BDECBD300BA933E /* UIColor+Extensions.swift */ = {isa = PBXFileReference; lastKnownFileType = sourcecode.swift; path = "UIColor+Extensions.swift"; sourceTree = "<group>"; };
		FEBF06092BDED1CE00BA933E /* CGColor+Extensions.swift */ = {isa = PBXFileReference; lastKnownFileType = sourcecode.swift; path = "CGColor+Extensions.swift"; sourceTree = "<group>"; };
		FEBF060B2BDED4BB00BA933E /* Colors.xcassets */ = {isa = PBXFileReference; lastKnownFileType = folder.assetcatalog; path = Colors.xcassets; sourceTree = "<group>"; };
		FEBF060D2BDEE3DF00BA933E /* UIView+Layer.swift */ = {isa = PBXFileReference; lastKnownFileType = sourcecode.swift; path = "UIView+Layer.swift"; sourceTree = "<group>"; };
		FEBF060F2BDEEE7300BA933E /* UIView+Extensions.swift */ = {isa = PBXFileReference; lastKnownFileType = sourcecode.swift; path = "UIView+Extensions.swift"; sourceTree = "<group>"; };
		FEBF06112BDEEEFB00BA933E /* CALayer+Extensions.swift */ = {isa = PBXFileReference; lastKnownFileType = sourcecode.swift; path = "CALayer+Extensions.swift"; sourceTree = "<group>"; };
		FEE8E8612BE3A4C1007C31CA /* OtpVC.swift */ = {isa = PBXFileReference; lastKnownFileType = sourcecode.swift; path = OtpVC.swift; sourceTree = "<group>"; };
		FEE8E8622BE3A4C1007C31CA /* OtpVC.xib */ = {isa = PBXFileReference; lastKnownFileType = file.xib; path = OtpVC.xib; sourceTree = "<group>"; };
/* End PBXFileReference section */

/* Begin PBXFrameworksBuildPhase section */
		FEBF05BA2BDE57D600BA933E /* Frameworks */ = {
			isa = PBXFrameworksBuildPhase;
			buildActionMask = 2147483647;
			files = (
			);
			runOnlyForDeploymentPostprocessing = 0;
		};
		FEBF05D02BDE57DA00BA933E /* Frameworks */ = {
			isa = PBXFrameworksBuildPhase;
			buildActionMask = 2147483647;
			files = (
			);
			runOnlyForDeploymentPostprocessing = 0;
		};
		FEBF05DA2BDE57DA00BA933E /* Frameworks */ = {
			isa = PBXFrameworksBuildPhase;
			buildActionMask = 2147483647;
			files = (
			);
			runOnlyForDeploymentPostprocessing = 0;
		};
/* End PBXFrameworksBuildPhase section */

/* Begin PBXGroup section */
		FE16DE8C2BE3EE68002D16AC /* CustomView */ = {
			isa = PBXGroup;
			children = (
				FE16DE8D2BE3EE9F002D16AC /* OTPTextField.swift */,
			);
			path = CustomView;
			sourceTree = "<group>";
		};
		FE16DE922BE55C0E002D16AC /* Main */ = {
			isa = PBXGroup;
			children = (
				FE3D0DC02BE26CC400B59BD7 /* ResetPasswordVC.swift */,
				FE3D0DC12BE26CC400B59BD7 /* ResetPasswordVC.xib */,
			);
			path = Main;
			sourceTree = "<group>";
		};
		FE16DE932BE55C19002D16AC /* NewPassword */ = {
			isa = PBXGroup;
			children = (
				FE16DE952BE55C58002D16AC /* ResetPasswordNewPasswordVC.swift */,
				FE16DE962BE55C58002D16AC /* ResetPasswordNewPasswordVC.xib */,
			);
			path = NewPassword;
			sourceTree = "<group>";
		};
		FE16DE992BE5627F002D16AC /* Tabbar */ = {
			isa = PBXGroup;
			children = (
				FE16DE9E2BE56431002D16AC /* TabBarVC.swift */,
				FE16DEA22BE64249002D16AC /* TabBarPage.swift */,
			);
			path = Tabbar;
			sourceTree = "<group>";
		};
		FE16DEA62BE77965002D16AC /* Home */ = {
			isa = PBXGroup;
			children = (
				FE16DEAD2BE7B7BD002D16AC /* CustomView */,
				FE16DEA92BE779A7002D16AC /* HomeVC.swift */,
				FE16DEAA2BE779A7002D16AC /* HomeVC.xib */,
			);
			path = Home;
			sourceTree = "<group>";
		};
		FE16DEA72BE77969002D16AC /* Profile */ = {
			isa = PBXGroup;
			children = (
			);
			path = Profile;
			sourceTree = "<group>";
		};
		FE16DEAD2BE7B7BD002D16AC /* CustomView */ = {
			isa = PBXGroup;
			children = (
				FE16DEAE2BE7B7EA002D16AC /* TeamsCollectionViewCell.swift */,
				FE16DEAF2BE7B7EA002D16AC /* TeamsCollectionViewCell.xib */,
			);
			path = CustomView;
			sourceTree = "<group>";
		};
		FE3793C82BEBEE0F002B7C18 /* TeamPlayers */ = {
			isa = PBXGroup;
			children = (
				FE3793C92BEBEE37002B7C18 /* TeamPlayerListVC.swift */,
				FE3793CA2BEBEE37002B7C18 /* TeamPlayerListVC.xib */,
			);
			path = TeamPlayers;
			sourceTree = "<group>";
		};
		FE3D0DBF2BE26C8100B59BD7 /* ResetPassword */ = {
			isa = PBXGroup;
			children = (
				FE16DE922BE55C0E002D16AC /* Main */,
				FE16DE932BE55C19002D16AC /* NewPassword */,
			);
			path = ResetPassword;
			sourceTree = "<group>";
		};
		FE4AE4522BE93A1C00E1C211 /* TeamDetail */ = {
			isa = PBXGroup;
			children = (
				FE4AE4582BE9778500E1C211 /* CustomView */,
				FE4AE4542BE93A5500E1C211 /* TeamDetailVC.swift */,
				FE4AE4552BE93A5500E1C211 /* TeamDetailVC.xib */,
			);
			path = TeamDetail;
			sourceTree = "<group>";
		};
		FE4AE4582BE9778500E1C211 /* CustomView */ = {
			isa = PBXGroup;
			children = (
				FE4AE45A2BE977AE00E1C211 /* MatchCell */,
				FE4AE4592BE977A800E1C211 /* PlayerCell */,
			);
			path = CustomView;
			sourceTree = "<group>";
		};
		FE4AE4592BE977A800E1C211 /* PlayerCell */ = {
			isa = PBXGroup;
			children = (
				FE4AE45B2BE977F800E1C211 /* TeamDetailPlayerCellView.swift */,
				FE4AE45F2BE9781D00E1C211 /* TeamDetailPlayerCellView.xib */,
			);
			path = PlayerCell;
			sourceTree = "<group>";
		};
		FE4AE45A2BE977AE00E1C211 /* MatchCell */ = {
			isa = PBXGroup;
			children = (
				FE4AE4612BE9786A00E1C211 /* TeamDetailMatchCellView.swift */,
				FE4AE4632BE9787400E1C211 /* TeamDetailMatchCellView.xib */,
			);
			path = MatchCell;
			sourceTree = "<group>";
		};
		FE4D67FB2BF0D66100504957 /* ManageTeam */ = {
			isa = PBXGroup;
			children = (
				FE4D68002BF0D8E300504957 /* CustomViews */,
				FE4D67FC2BF0D67C00504957 /* ManageTeamVC.swift */,
				FE4D67FD2BF0D67C00504957 /* ManageTeamVC.xib */,
			);
			path = ManageTeam;
			sourceTree = "<group>";
		};
		FE4D68002BF0D8E300504957 /* CustomViews */ = {
			isa = PBXGroup;
			children = (
				FE4D68012BF0D9BB00504957 /* ManageTeamPlayerCell.swift */,
				FE4D68032BF0D9C400504957 /* ManageTeamPlayerCell.xib */,
			);
			path = CustomViews;
			sourceTree = "<group>";
		};
		FE5CAFDB2BEEA55700646F66 /* TeamMatchs */ = {
			isa = PBXGroup;
			children = (
				FE5CAFDC2BEEA57600646F66 /* TeamMatchsListVC.swift */,
				FE5CAFDD2BEEA57600646F66 /* TeamMatchsListVC.xib */,
			);
			path = TeamMatchs;
			sourceTree = "<group>";
		};
		FE5CAFE02BEF852700646F66 /* TeamPlayerDetail */ = {
			isa = PBXGroup;
			children = (
				FE5CAFE12BEF853E00646F66 /* TeamPlayerDetailVC.swift */,
				FE5CAFE22BEF853E00646F66 /* TeamPlayerDetailVC.xib */,
			);
			path = TeamPlayerDetail;
			sourceTree = "<group>";
		};
		FE5CAFE52BEFD12F00646F66 /* CustomViews */ = {
			isa = PBXGroup;
			children = (
				FE5CAFE62BEFD13300646F66 /* MKMagneticProgress */,
			);
			path = CustomViews;
			sourceTree = "<group>";
		};
		FE5CAFE62BEFD13300646F66 /* MKMagneticProgress */ = {
			isa = PBXGroup;
			children = (
				FE5CAFE72BEFD16100646F66 /* MKMagneticProgress.swift */,
			);
			path = MKMagneticProgress;
			sourceTree = "<group>";
		};
		FE5CAFE92BEFFAC000646F66 /* TeamMatchDetail */ = {
			isa = PBXGroup;
			children = (
				FE5CAFEA2BEFFB3B00646F66 /* TeamMatchDetailVC.swift */,
				FE5CAFEB2BEFFB3B00646F66 /* TeamMatchDetailVC.xib */,
			);
			name = TeamMatchDetail;
			path = TeamPlayerDetail/TeamMatchDetail;
			sourceTree = "<group>";
		};
		FEBF05B42BDE57D600BA933E = {
			isa = PBXGroup;
			children = (
				FEBF05BF2BDE57D600BA933E /* halisaha-ios */,
				FEBF05D62BDE57DA00BA933E /* halisaha-iosTests */,
				FEBF05E02BDE57DA00BA933E /* halisaha-iosUITests */,
				FEBF05BE2BDE57D600BA933E /* Products */,
			);
			sourceTree = "<group>";
		};
		FEBF05BE2BDE57D600BA933E /* Products */ = {
			isa = PBXGroup;
			children = (
				FEBF05BD2BDE57D600BA933E /* halisaha-ios.app */,
				FEBF05D32BDE57DA00BA933E /* halisaha-iosTests.xctest */,
				FEBF05DD2BDE57DA00BA933E /* halisaha-iosUITests.xctest */,
			);
			name = Products;
			sourceTree = "<group>";
		};
		FEBF05BF2BDE57D600BA933E /* halisaha-ios */ = {
			isa = PBXGroup;
			children = (
				FEBF05F12BDE5B6300BA933E /* App */,
				FEBF05F22BDE5B7000BA933E /* Scenes */,
				FEBF05FE2BDE787100BA933E /* Helpers */,
				FEBF05F02BDE5AE200BA933E /* Resources */,
			);
			path = "halisaha-ios";
			sourceTree = "<group>";
		};
		FEBF05D62BDE57DA00BA933E /* halisaha-iosTests */ = {
			isa = PBXGroup;
			children = (
				FEBF05D72BDE57DA00BA933E /* halisaha_iosTests.swift */,
			);
			path = "halisaha-iosTests";
			sourceTree = "<group>";
		};
		FEBF05E02BDE57DA00BA933E /* halisaha-iosUITests */ = {
			isa = PBXGroup;
			children = (
				FEBF05E12BDE57DA00BA933E /* halisaha_iosUITests.swift */,
				FEBF05E32BDE57DA00BA933E /* halisaha_iosUITestsLaunchTests.swift */,
			);
			path = "halisaha-iosUITests";
			sourceTree = "<group>";
		};
		FEBF05F02BDE5AE200BA933E /* Resources */ = {
			isa = PBXGroup;
			children = (
				FEBF060B2BDED4BB00BA933E /* Colors.xcassets */,
				FEBF05C92BDE57DA00BA933E /* Assets.xcassets */,
				FEBF05CB2BDE57DA00BA933E /* LaunchScreen.storyboard */,
				FEBF05CE2BDE57DA00BA933E /* Info.plist */,
			);
			path = Resources;
			sourceTree = "<group>";
		};
		FEBF05F12BDE5B6300BA933E /* App */ = {
			isa = PBXGroup;
			children = (
				FEBF05C02BDE57D600BA933E /* AppDelegate.swift */,
			);
			path = App;
			sourceTree = "<group>";
		};
		FEBF05F22BDE5B7000BA933E /* Scenes */ = {
			isa = PBXGroup;
			children = (
				FEBF05F32BDE75C100BA933E /* Auth */,
				FE16DE992BE5627F002D16AC /* Tabbar */,
				FE16DEA62BE77965002D16AC /* Home */,
				FE16DEA72BE77969002D16AC /* Profile */,
				FE4AE4522BE93A1C00E1C211 /* TeamDetail */,
				FE3793C82BEBEE0F002B7C18 /* TeamPlayers */,
				FE5CAFDB2BEEA55700646F66 /* TeamMatchs */,
				FE5CAFE02BEF852700646F66 /* TeamPlayerDetail */,
				FE5CAFE92BEFFAC000646F66 /* TeamMatchDetail */,
				FE4D67FB2BF0D66100504957 /* ManageTeam */,
				FEE8E85E2BE3A458007C31CA /* Other */,
			);
			path = Scenes;
			sourceTree = "<group>";
		};
		FEBF05F32BDE75C100BA933E /* Auth */ = {
			isa = PBXGroup;
			children = (
				FEBF06022BDECB6E00BA933E /* Main */,
				FEBF05F42BDE75C900BA933E /* Login */,
				FEBF05F92BDE75E900BA933E /* Register */,
				FE3D0DBF2BE26C8100B59BD7 /* ResetPassword */,
			);
			path = Auth;
			sourceTree = "<group>";
		};
		FEBF05F42BDE75C900BA933E /* Login */ = {
			isa = PBXGroup;
			children = (
				FEBF05F52BDE75E500BA933E /* LoginVC.swift */,
				FEBF05F62BDE75E500BA933E /* LoginVC.xib */,
			);
			path = Login;
			sourceTree = "<group>";
		};
		FEBF05F92BDE75E900BA933E /* Register */ = {
			isa = PBXGroup;
			children = (
				FEBF05FA2BDE75FB00BA933E /* RegisterVC.swift */,
				FEBF05FB2BDE75FB00BA933E /* RegisterVC.xib */,
			);
			path = Register;
			sourceTree = "<group>";
		};
		FEBF05FE2BDE787100BA933E /* Helpers */ = {
			isa = PBXGroup;
			children = (
				FE5CAFE52BEFD12F00646F66 /* CustomViews */,
				FEBF05FF2BDE788D00BA933E /* Extensions */,
			);
			path = Helpers;
			sourceTree = "<group>";
		};
		FEBF05FF2BDE788D00BA933E /* Extensions */ = {
			isa = PBXGroup;
			children = (
				FEBF06002BDE78D800BA933E /* UIViewController+Extensions.swift */,
				FEBF06072BDECBD300BA933E /* UIColor+Extensions.swift */,
				FEBF06092BDED1CE00BA933E /* CGColor+Extensions.swift */,
				FEBF060D2BDEE3DF00BA933E /* UIView+Layer.swift */,
				FEBF060F2BDEEE7300BA933E /* UIView+Extensions.swift */,
				FEBF06112BDEEEFB00BA933E /* CALayer+Extensions.swift */,
				FE16DE8F2BE3F2E3002D16AC /* UIStackView+Extensions.swift */,
				FE16DEA42BE642F8002D16AC /* String+Extensions.swift */,
			);
			path = Extensions;
			sourceTree = "<group>";
		};
		FEBF06022BDECB6E00BA933E /* Main */ = {
			isa = PBXGroup;
			children = (
				FEBF06032BDECB8300BA933E /* AuthVC.swift */,
				FEBF06042BDECB8300BA933E /* AuthVC.xib */,
			);
			path = Main;
			sourceTree = "<group>";
		};
		FEE8E85E2BE3A458007C31CA /* Other */ = {
			isa = PBXGroup;
			children = (
				FEE8E85F2BE3A46A007C31CA /* Otp */,
			);
			path = Other;
			sourceTree = "<group>";
		};
		FEE8E85F2BE3A46A007C31CA /* Otp */ = {
			isa = PBXGroup;
			children = (
				FE16DE8C2BE3EE68002D16AC /* CustomView */,
				FEE8E8612BE3A4C1007C31CA /* OtpVC.swift */,
				FEE8E8622BE3A4C1007C31CA /* OtpVC.xib */,
			);
			path = Otp;
			sourceTree = "<group>";
		};
/* End PBXGroup section */

/* Begin PBXNativeTarget section */
		FEBF05BC2BDE57D600BA933E /* halisaha-ios */ = {
			isa = PBXNativeTarget;
			buildConfigurationList = FEBF05E72BDE57DA00BA933E /* Build configuration list for PBXNativeTarget "halisaha-ios" */;
			buildPhases = (
				FEBF05B92BDE57D600BA933E /* Sources */,
				FEBF05BA2BDE57D600BA933E /* Frameworks */,
				FEBF05BB2BDE57D600BA933E /* Resources */,
			);
			buildRules = (
			);
			dependencies = (
			);
			name = "halisaha-ios";
			productName = "halisaha-ios";
			productReference = FEBF05BD2BDE57D600BA933E /* halisaha-ios.app */;
			productType = "com.apple.product-type.application";
		};
		FEBF05D22BDE57DA00BA933E /* halisaha-iosTests */ = {
			isa = PBXNativeTarget;
			buildConfigurationList = FEBF05EA2BDE57DA00BA933E /* Build configuration list for PBXNativeTarget "halisaha-iosTests" */;
			buildPhases = (
				FEBF05CF2BDE57DA00BA933E /* Sources */,
				FEBF05D02BDE57DA00BA933E /* Frameworks */,
				FEBF05D12BDE57DA00BA933E /* Resources */,
			);
			buildRules = (
			);
			dependencies = (
				FEBF05D52BDE57DA00BA933E /* PBXTargetDependency */,
			);
			name = "halisaha-iosTests";
			productName = "halisaha-iosTests";
			productReference = FEBF05D32BDE57DA00BA933E /* halisaha-iosTests.xctest */;
			productType = "com.apple.product-type.bundle.unit-test";
		};
		FEBF05DC2BDE57DA00BA933E /* halisaha-iosUITests */ = {
			isa = PBXNativeTarget;
			buildConfigurationList = FEBF05ED2BDE57DA00BA933E /* Build configuration list for PBXNativeTarget "halisaha-iosUITests" */;
			buildPhases = (
				FEBF05D92BDE57DA00BA933E /* Sources */,
				FEBF05DA2BDE57DA00BA933E /* Frameworks */,
				FEBF05DB2BDE57DA00BA933E /* Resources */,
			);
			buildRules = (
			);
			dependencies = (
				FEBF05DF2BDE57DA00BA933E /* PBXTargetDependency */,
			);
			name = "halisaha-iosUITests";
			productName = "halisaha-iosUITests";
			productReference = FEBF05DD2BDE57DA00BA933E /* halisaha-iosUITests.xctest */;
			productType = "com.apple.product-type.bundle.ui-testing";
		};
/* End PBXNativeTarget section */

/* Begin PBXProject section */
		FEBF05B52BDE57D600BA933E /* Project object */ = {
			isa = PBXProject;
			attributes = {
				BuildIndependentTargetsInParallel = 1;
				LastSwiftUpdateCheck = 1520;
				LastUpgradeCheck = 1520;
				TargetAttributes = {
					FEBF05BC2BDE57D600BA933E = {
						CreatedOnToolsVersion = 15.2;
					};
					FEBF05D22BDE57DA00BA933E = {
						CreatedOnToolsVersion = 15.2;
						TestTargetID = FEBF05BC2BDE57D600BA933E;
					};
					FEBF05DC2BDE57DA00BA933E = {
						CreatedOnToolsVersion = 15.2;
						TestTargetID = FEBF05BC2BDE57D600BA933E;
					};
				};
			};
			buildConfigurationList = FEBF05B82BDE57D600BA933E /* Build configuration list for PBXProject "halisaha-ios" */;
			compatibilityVersion = "Xcode 14.0";
			developmentRegion = en;
			hasScannedForEncodings = 0;
			knownRegions = (
				en,
				Base,
			);
			mainGroup = FEBF05B42BDE57D600BA933E;
			productRefGroup = FEBF05BE2BDE57D600BA933E /* Products */;
			projectDirPath = "";
			projectRoot = "";
			targets = (
				FEBF05BC2BDE57D600BA933E /* halisaha-ios */,
				FEBF05D22BDE57DA00BA933E /* halisaha-iosTests */,
				FEBF05DC2BDE57DA00BA933E /* halisaha-iosUITests */,
			);
		};
/* End PBXProject section */

/* Begin PBXResourcesBuildPhase section */
		FEBF05BB2BDE57D600BA933E /* Resources */ = {
			isa = PBXResourcesBuildPhase;
			buildActionMask = 2147483647;
			files = (
				FE4AE4572BE93A5500E1C211 /* TeamDetailVC.xib in Resources */,
				FE5CAFDF2BEEA57600646F66 /* TeamMatchsListVC.xib in Resources */,
				FE3D0DC32BE26CC400B59BD7 /* ResetPasswordVC.xib in Resources */,
				FEBF06062BDECB8300BA933E /* AuthVC.xib in Resources */,
				FE5CAFED2BEFFB3B00646F66 /* TeamMatchDetailVC.xib in Resources */,
				FE5CAFE42BEF853E00646F66 /* TeamPlayerDetailVC.xib in Resources */,
				FE4D68042BF0D9C400504957 /* ManageTeamPlayerCell.xib in Resources */,
				FE4D67FF2BF0D67C00504957 /* ManageTeamVC.xib in Resources */,
				FE16DEB12BE7B7EA002D16AC /* TeamsCollectionViewCell.xib in Resources */,
				FE4AE4642BE9787400E1C211 /* TeamDetailMatchCellView.xib in Resources */,
				FEBF05F82BDE75E500BA933E /* LoginVC.xib in Resources */,
				FEBF05FD2BDE75FB00BA933E /* RegisterVC.xib in Resources */,
				FEBF060C2BDED4BB00BA933E /* Colors.xcassets in Resources */,
				FEBF05CD2BDE57DA00BA933E /* LaunchScreen.storyboard in Resources */,
				FEE8E8642BE3A4C1007C31CA /* OtpVC.xib in Resources */,
				FE16DEAC2BE779A7002D16AC /* HomeVC.xib in Resources */,
				FE16DE982BE55C59002D16AC /* ResetPasswordNewPasswordVC.xib in Resources */,
				FEBF05CA2BDE57DA00BA933E /* Assets.xcassets in Resources */,
				FE4AE4602BE9781D00E1C211 /* TeamDetailPlayerCellView.xib in Resources */,
				FE3793CC2BEBEE37002B7C18 /* TeamPlayerListVC.xib in Resources */,
			);
			runOnlyForDeploymentPostprocessing = 0;
		};
		FEBF05D12BDE57DA00BA933E /* Resources */ = {
			isa = PBXResourcesBuildPhase;
			buildActionMask = 2147483647;
			files = (
			);
			runOnlyForDeploymentPostprocessing = 0;
		};
		FEBF05DB2BDE57DA00BA933E /* Resources */ = {
			isa = PBXResourcesBuildPhase;
			buildActionMask = 2147483647;
			files = (
			);
			runOnlyForDeploymentPostprocessing = 0;
		};
/* End PBXResourcesBuildPhase section */

/* Begin PBXSourcesBuildPhase section */
		FEBF05B92BDE57D600BA933E /* Sources */ = {
			isa = PBXSourcesBuildPhase;
			buildActionMask = 2147483647;
			files = (
				FE16DE8E2BE3EE9F002D16AC /* OTPTextField.swift in Sources */,
				FE16DE972BE55C59002D16AC /* ResetPasswordNewPasswordVC.swift in Sources */,
				FE4D68022BF0D9BB00504957 /* ManageTeamPlayerCell.swift in Sources */,
				FEBF06052BDECB8300BA933E /* AuthVC.swift in Sources */,
				FEBF05C12BDE57D600BA933E /* AppDelegate.swift in Sources */,
				FE4AE4622BE9786A00E1C211 /* TeamDetailMatchCellView.swift in Sources */,
				FE16DEA52BE642F8002D16AC /* String+Extensions.swift in Sources */,
				FEBF05FC2BDE75FB00BA933E /* RegisterVC.swift in Sources */,
				FEBF06102BDEEE7300BA933E /* UIView+Extensions.swift in Sources */,
				FE16DEA32BE64249002D16AC /* TabBarPage.swift in Sources */,
				FE3D0DC22BE26CC400B59BD7 /* ResetPasswordVC.swift in Sources */,
				FE4AE45C2BE977F800E1C211 /* TeamDetailPlayerCellView.swift in Sources */,
				FE16DEB02BE7B7EA002D16AC /* TeamsCollectionViewCell.swift in Sources */,
				FEBF060A2BDED1CE00BA933E /* CGColor+Extensions.swift in Sources */,
				FE5CAFDE2BEEA57600646F66 /* TeamMatchsListVC.swift in Sources */,
				FE5CAFEC2BEFFB3B00646F66 /* TeamMatchDetailVC.swift in Sources */,
				FEE8E8632BE3A4C1007C31CA /* OtpVC.swift in Sources */,
				FE5CAFE82BEFD16100646F66 /* MKMagneticProgress.swift in Sources */,
				FEBF06012BDE78D800BA933E /* UIViewController+Extensions.swift in Sources */,
				FE4AE4562BE93A5500E1C211 /* TeamDetailVC.swift in Sources */,
				FE5CAFE32BEF853E00646F66 /* TeamPlayerDetailVC.swift in Sources */,
				FEBF06082BDECBD300BA933E /* UIColor+Extensions.swift in Sources */,
				FEBF06122BDEEEFB00BA933E /* CALayer+Extensions.swift in Sources */,
				FE3793CB2BEBEE37002B7C18 /* TeamPlayerListVC.swift in Sources */,
				FE16DE902BE3F2E3002D16AC /* UIStackView+Extensions.swift in Sources */,
				FEBF060E2BDEE3DF00BA933E /* UIView+Layer.swift in Sources */,
				FE16DEA02BE56432002D16AC /* TabBarVC.swift in Sources */,
				FE16DEAB2BE779A7002D16AC /* HomeVC.swift in Sources */,
				FE4D67FE2BF0D67C00504957 /* ManageTeamVC.swift in Sources */,
				FEBF05F72BDE75E500BA933E /* LoginVC.swift in Sources */,
			);
			runOnlyForDeploymentPostprocessing = 0;
		};
		FEBF05CF2BDE57DA00BA933E /* Sources */ = {
			isa = PBXSourcesBuildPhase;
			buildActionMask = 2147483647;
			files = (
				FEBF05D82BDE57DA00BA933E /* halisaha_iosTests.swift in Sources */,
			);
			runOnlyForDeploymentPostprocessing = 0;
		};
		FEBF05D92BDE57DA00BA933E /* Sources */ = {
			isa = PBXSourcesBuildPhase;
			buildActionMask = 2147483647;
			files = (
				FEBF05E22BDE57DA00BA933E /* halisaha_iosUITests.swift in Sources */,
				FEBF05E42BDE57DA00BA933E /* halisaha_iosUITestsLaunchTests.swift in Sources */,
			);
			runOnlyForDeploymentPostprocessing = 0;
		};
/* End PBXSourcesBuildPhase section */

/* Begin PBXTargetDependency section */
		FEBF05D52BDE57DA00BA933E /* PBXTargetDependency */ = {
			isa = PBXTargetDependency;
			target = FEBF05BC2BDE57D600BA933E /* halisaha-ios */;
			targetProxy = FEBF05D42BDE57DA00BA933E /* PBXContainerItemProxy */;
		};
		FEBF05DF2BDE57DA00BA933E /* PBXTargetDependency */ = {
			isa = PBXTargetDependency;
			target = FEBF05BC2BDE57D600BA933E /* halisaha-ios */;
			targetProxy = FEBF05DE2BDE57DA00BA933E /* PBXContainerItemProxy */;
		};
/* End PBXTargetDependency section */

/* Begin PBXVariantGroup section */
		FEBF05CB2BDE57DA00BA933E /* LaunchScreen.storyboard */ = {
			isa = PBXVariantGroup;
			children = (
				FEBF05CC2BDE57DA00BA933E /* Base */,
			);
			name = LaunchScreen.storyboard;
			sourceTree = "<group>";
		};
/* End PBXVariantGroup section */

/* Begin XCBuildConfiguration section */
		FEBF05E52BDE57DA00BA933E /* Debug */ = {
			isa = XCBuildConfiguration;
			buildSettings = {
				ALWAYS_SEARCH_USER_PATHS = NO;
				ASSETCATALOG_COMPILER_GENERATE_SWIFT_ASSET_SYMBOL_EXTENSIONS = YES;
				CLANG_ANALYZER_NONNULL = YES;
				CLANG_ANALYZER_NUMBER_OBJECT_CONVERSION = YES_AGGRESSIVE;
				CLANG_CXX_LANGUAGE_STANDARD = "gnu++20";
				CLANG_ENABLE_MODULES = YES;
				CLANG_ENABLE_OBJC_ARC = YES;
				CLANG_ENABLE_OBJC_WEAK = YES;
				CLANG_WARN_BLOCK_CAPTURE_AUTORELEASING = YES;
				CLANG_WARN_BOOL_CONVERSION = YES;
				CLANG_WARN_COMMA = YES;
				CLANG_WARN_CONSTANT_CONVERSION = YES;
				CLANG_WARN_DEPRECATED_OBJC_IMPLEMENTATIONS = YES;
				CLANG_WARN_DIRECT_OBJC_ISA_USAGE = YES_ERROR;
				CLANG_WARN_DOCUMENTATION_COMMENTS = YES;
				CLANG_WARN_EMPTY_BODY = YES;
				CLANG_WARN_ENUM_CONVERSION = YES;
				CLANG_WARN_INFINITE_RECURSION = YES;
				CLANG_WARN_INT_CONVERSION = YES;
				CLANG_WARN_NON_LITERAL_NULL_CONVERSION = YES;
				CLANG_WARN_OBJC_IMPLICIT_RETAIN_SELF = YES;
				CLANG_WARN_OBJC_LITERAL_CONVERSION = YES;
				CLANG_WARN_OBJC_ROOT_CLASS = YES_ERROR;
				CLANG_WARN_QUOTED_INCLUDE_IN_FRAMEWORK_HEADER = YES;
				CLANG_WARN_RANGE_LOOP_ANALYSIS = YES;
				CLANG_WARN_STRICT_PROTOTYPES = YES;
				CLANG_WARN_SUSPICIOUS_MOVE = YES;
				CLANG_WARN_UNGUARDED_AVAILABILITY = YES_AGGRESSIVE;
				CLANG_WARN_UNREACHABLE_CODE = YES;
				CLANG_WARN__DUPLICATE_METHOD_MATCH = YES;
				COPY_PHASE_STRIP = NO;
				DEBUG_INFORMATION_FORMAT = dwarf;
				ENABLE_STRICT_OBJC_MSGSEND = YES;
				ENABLE_TESTABILITY = YES;
				ENABLE_USER_SCRIPT_SANDBOXING = YES;
				GCC_C_LANGUAGE_STANDARD = gnu17;
				GCC_DYNAMIC_NO_PIC = NO;
				GCC_NO_COMMON_BLOCKS = YES;
				GCC_OPTIMIZATION_LEVEL = 0;
				GCC_PREPROCESSOR_DEFINITIONS = (
					"DEBUG=1",
					"$(inherited)",
				);
				GCC_WARN_64_TO_32_BIT_CONVERSION = YES;
				GCC_WARN_ABOUT_RETURN_TYPE = YES_ERROR;
				GCC_WARN_UNDECLARED_SELECTOR = YES;
				GCC_WARN_UNINITIALIZED_AUTOS = YES_AGGRESSIVE;
				GCC_WARN_UNUSED_FUNCTION = YES;
				GCC_WARN_UNUSED_VARIABLE = YES;
				IPHONEOS_DEPLOYMENT_TARGET = 17.2;
				LOCALIZATION_PREFERS_STRING_CATALOGS = YES;
				MTL_ENABLE_DEBUG_INFO = INCLUDE_SOURCE;
				MTL_FAST_MATH = YES;
				ONLY_ACTIVE_ARCH = YES;
				SDKROOT = iphoneos;
				SWIFT_ACTIVE_COMPILATION_CONDITIONS = "DEBUG $(inherited)";
				SWIFT_OPTIMIZATION_LEVEL = "-Onone";
			};
			name = Debug;
		};
		FEBF05E62BDE57DA00BA933E /* Release */ = {
			isa = XCBuildConfiguration;
			buildSettings = {
				ALWAYS_SEARCH_USER_PATHS = NO;
				ASSETCATALOG_COMPILER_GENERATE_SWIFT_ASSET_SYMBOL_EXTENSIONS = YES;
				CLANG_ANALYZER_NONNULL = YES;
				CLANG_ANALYZER_NUMBER_OBJECT_CONVERSION = YES_AGGRESSIVE;
				CLANG_CXX_LANGUAGE_STANDARD = "gnu++20";
				CLANG_ENABLE_MODULES = YES;
				CLANG_ENABLE_OBJC_ARC = YES;
				CLANG_ENABLE_OBJC_WEAK = YES;
				CLANG_WARN_BLOCK_CAPTURE_AUTORELEASING = YES;
				CLANG_WARN_BOOL_CONVERSION = YES;
				CLANG_WARN_COMMA = YES;
				CLANG_WARN_CONSTANT_CONVERSION = YES;
				CLANG_WARN_DEPRECATED_OBJC_IMPLEMENTATIONS = YES;
				CLANG_WARN_DIRECT_OBJC_ISA_USAGE = YES_ERROR;
				CLANG_WARN_DOCUMENTATION_COMMENTS = YES;
				CLANG_WARN_EMPTY_BODY = YES;
				CLANG_WARN_ENUM_CONVERSION = YES;
				CLANG_WARN_INFINITE_RECURSION = YES;
				CLANG_WARN_INT_CONVERSION = YES;
				CLANG_WARN_NON_LITERAL_NULL_CONVERSION = YES;
				CLANG_WARN_OBJC_IMPLICIT_RETAIN_SELF = YES;
				CLANG_WARN_OBJC_LITERAL_CONVERSION = YES;
				CLANG_WARN_OBJC_ROOT_CLASS = YES_ERROR;
				CLANG_WARN_QUOTED_INCLUDE_IN_FRAMEWORK_HEADER = YES;
				CLANG_WARN_RANGE_LOOP_ANALYSIS = YES;
				CLANG_WARN_STRICT_PROTOTYPES = YES;
				CLANG_WARN_SUSPICIOUS_MOVE = YES;
				CLANG_WARN_UNGUARDED_AVAILABILITY = YES_AGGRESSIVE;
				CLANG_WARN_UNREACHABLE_CODE = YES;
				CLANG_WARN__DUPLICATE_METHOD_MATCH = YES;
				COPY_PHASE_STRIP = NO;
				DEBUG_INFORMATION_FORMAT = "dwarf-with-dsym";
				ENABLE_NS_ASSERTIONS = NO;
				ENABLE_STRICT_OBJC_MSGSEND = YES;
				ENABLE_USER_SCRIPT_SANDBOXING = YES;
				GCC_C_LANGUAGE_STANDARD = gnu17;
				GCC_NO_COMMON_BLOCKS = YES;
				GCC_WARN_64_TO_32_BIT_CONVERSION = YES;
				GCC_WARN_ABOUT_RETURN_TYPE = YES_ERROR;
				GCC_WARN_UNDECLARED_SELECTOR = YES;
				GCC_WARN_UNINITIALIZED_AUTOS = YES_AGGRESSIVE;
				GCC_WARN_UNUSED_FUNCTION = YES;
				GCC_WARN_UNUSED_VARIABLE = YES;
				IPHONEOS_DEPLOYMENT_TARGET = 17.2;
				LOCALIZATION_PREFERS_STRING_CATALOGS = YES;
				MTL_ENABLE_DEBUG_INFO = NO;
				MTL_FAST_MATH = YES;
				SDKROOT = iphoneos;
				SWIFT_COMPILATION_MODE = wholemodule;
				VALIDATE_PRODUCT = YES;
			};
			name = Release;
		};
		FEBF05E82BDE57DA00BA933E /* Debug */ = {
			isa = XCBuildConfiguration;
			buildSettings = {
				ASSETCATALOG_COMPILER_APPICON_NAME = AppIcon;
				ASSETCATALOG_COMPILER_GLOBAL_ACCENT_COLOR_NAME = AccentColor;
				CODE_SIGN_STYLE = Automatic;
				CURRENT_PROJECT_VERSION = 1;
				DEVELOPMENT_TEAM = SJJ8DXY36Z;
				GENERATE_INFOPLIST_FILE = YES;
				INFOPLIST_FILE = "halisaha-ios/Resources/Info.plist";
				INFOPLIST_KEY_CFBundleDisplayName = Halisaha;
				INFOPLIST_KEY_UIApplicationSupportsIndirectInputEvents = YES;
				INFOPLIST_KEY_UILaunchStoryboardName = LaunchScreen;
				INFOPLIST_KEY_UISupportedInterfaceOrientations_iPad = "UIInterfaceOrientationPortrait UIInterfaceOrientationPortraitUpsideDown UIInterfaceOrientationLandscapeLeft UIInterfaceOrientationLandscapeRight";
				INFOPLIST_KEY_UISupportedInterfaceOrientations_iPhone = "UIInterfaceOrientationPortrait UIInterfaceOrientationLandscapeLeft UIInterfaceOrientationLandscapeRight";
				LD_RUNPATH_SEARCH_PATHS = (
					"$(inherited)",
					"@executable_path/Frameworks",
				);
				MARKETING_VERSION = 1.0;
				PRODUCT_BUNDLE_IDENTIFIER = "com.bedirhanturhan.halisaha-ios";
				PRODUCT_NAME = "$(TARGET_NAME)";
				SWIFT_EMIT_LOC_STRINGS = YES;
				SWIFT_VERSION = 5.0;
				TARGETED_DEVICE_FAMILY = "1,2";
			};
			name = Debug;
		};
		FEBF05E92BDE57DA00BA933E /* Release */ = {
			isa = XCBuildConfiguration;
			buildSettings = {
				ASSETCATALOG_COMPILER_APPICON_NAME = AppIcon;
				ASSETCATALOG_COMPILER_GLOBAL_ACCENT_COLOR_NAME = AccentColor;
				CODE_SIGN_STYLE = Automatic;
				CURRENT_PROJECT_VERSION = 1;
				DEVELOPMENT_TEAM = SJJ8DXY36Z;
				GENERATE_INFOPLIST_FILE = YES;
				INFOPLIST_FILE = "halisaha-ios/Resources/Info.plist";
				INFOPLIST_KEY_CFBundleDisplayName = Halisaha;
				INFOPLIST_KEY_UIApplicationSupportsIndirectInputEvents = YES;
				INFOPLIST_KEY_UILaunchStoryboardName = LaunchScreen;
				INFOPLIST_KEY_UISupportedInterfaceOrientations_iPad = "UIInterfaceOrientationPortrait UIInterfaceOrientationPortraitUpsideDown UIInterfaceOrientationLandscapeLeft UIInterfaceOrientationLandscapeRight";
				INFOPLIST_KEY_UISupportedInterfaceOrientations_iPhone = "UIInterfaceOrientationPortrait UIInterfaceOrientationLandscapeLeft UIInterfaceOrientationLandscapeRight";
				LD_RUNPATH_SEARCH_PATHS = (
					"$(inherited)",
					"@executable_path/Frameworks",
				);
				MARKETING_VERSION = 1.0;
				PRODUCT_BUNDLE_IDENTIFIER = "com.bedirhanturhan.halisaha-ios";
				PRODUCT_NAME = "$(TARGET_NAME)";
				SWIFT_EMIT_LOC_STRINGS = YES;
				SWIFT_VERSION = 5.0;
				TARGETED_DEVICE_FAMILY = "1,2";
			};
			name = Release;
		};
		FEBF05EB2BDE57DA00BA933E /* Debug */ = {
			isa = XCBuildConfiguration;
			buildSettings = {
				ALWAYS_EMBED_SWIFT_STANDARD_LIBRARIES = YES;
				BUNDLE_LOADER = "$(TEST_HOST)";
				CODE_SIGN_STYLE = Automatic;
				CURRENT_PROJECT_VERSION = 1;
				DEVELOPMENT_TEAM = SJJ8DXY36Z;
				GENERATE_INFOPLIST_FILE = YES;
				IPHONEOS_DEPLOYMENT_TARGET = 17.2;
				MARKETING_VERSION = 1.0;
				PRODUCT_BUNDLE_IDENTIFIER = "com.bedirhanturhan.halisaha-iosTests";
				PRODUCT_NAME = "$(TARGET_NAME)";
				SWIFT_EMIT_LOC_STRINGS = NO;
				SWIFT_VERSION = 5.0;
				TARGETED_DEVICE_FAMILY = "1,2";
				TEST_HOST = "$(BUILT_PRODUCTS_DIR)/halisaha-ios.app/$(BUNDLE_EXECUTABLE_FOLDER_PATH)/halisaha-ios";
			};
			name = Debug;
		};
		FEBF05EC2BDE57DA00BA933E /* Release */ = {
			isa = XCBuildConfiguration;
			buildSettings = {
				ALWAYS_EMBED_SWIFT_STANDARD_LIBRARIES = YES;
				BUNDLE_LOADER = "$(TEST_HOST)";
				CODE_SIGN_STYLE = Automatic;
				CURRENT_PROJECT_VERSION = 1;
				DEVELOPMENT_TEAM = SJJ8DXY36Z;
				GENERATE_INFOPLIST_FILE = YES;
				IPHONEOS_DEPLOYMENT_TARGET = 17.2;
				MARKETING_VERSION = 1.0;
				PRODUCT_BUNDLE_IDENTIFIER = "com.bedirhanturhan.halisaha-iosTests";
				PRODUCT_NAME = "$(TARGET_NAME)";
				SWIFT_EMIT_LOC_STRINGS = NO;
				SWIFT_VERSION = 5.0;
				TARGETED_DEVICE_FAMILY = "1,2";
				TEST_HOST = "$(BUILT_PRODUCTS_DIR)/halisaha-ios.app/$(BUNDLE_EXECUTABLE_FOLDER_PATH)/halisaha-ios";
			};
			name = Release;
		};
		FEBF05EE2BDE57DA00BA933E /* Debug */ = {
			isa = XCBuildConfiguration;
			buildSettings = {
				ALWAYS_EMBED_SWIFT_STANDARD_LIBRARIES = YES;
				CODE_SIGN_STYLE = Automatic;
				CURRENT_PROJECT_VERSION = 1;
				DEVELOPMENT_TEAM = SJJ8DXY36Z;
				GENERATE_INFOPLIST_FILE = YES;
				MARKETING_VERSION = 1.0;
				PRODUCT_BUNDLE_IDENTIFIER = "com.bedirhanturhan.halisaha-iosUITests";
				PRODUCT_NAME = "$(TARGET_NAME)";
				SWIFT_EMIT_LOC_STRINGS = NO;
				SWIFT_VERSION = 5.0;
				TARGETED_DEVICE_FAMILY = "1,2";
				TEST_TARGET_NAME = "halisaha-ios";
			};
			name = Debug;
		};
		FEBF05EF2BDE57DA00BA933E /* Release */ = {
			isa = XCBuildConfiguration;
			buildSettings = {
				ALWAYS_EMBED_SWIFT_STANDARD_LIBRARIES = YES;
				CODE_SIGN_STYLE = Automatic;
				CURRENT_PROJECT_VERSION = 1;
				DEVELOPMENT_TEAM = SJJ8DXY36Z;
				GENERATE_INFOPLIST_FILE = YES;
				MARKETING_VERSION = 1.0;
				PRODUCT_BUNDLE_IDENTIFIER = "com.bedirhanturhan.halisaha-iosUITests";
				PRODUCT_NAME = "$(TARGET_NAME)";
				SWIFT_EMIT_LOC_STRINGS = NO;
				SWIFT_VERSION = 5.0;
				TARGETED_DEVICE_FAMILY = "1,2";
				TEST_TARGET_NAME = "halisaha-ios";
			};
			name = Release;
		};
/* End XCBuildConfiguration section */

/* Begin XCConfigurationList section */
		FEBF05B82BDE57D600BA933E /* Build configuration list for PBXProject "halisaha-ios" */ = {
			isa = XCConfigurationList;
			buildConfigurations = (
				FEBF05E52BDE57DA00BA933E /* Debug */,
				FEBF05E62BDE57DA00BA933E /* Release */,
			);
			defaultConfigurationIsVisible = 0;
			defaultConfigurationName = Release;
		};
		FEBF05E72BDE57DA00BA933E /* Build configuration list for PBXNativeTarget "halisaha-ios" */ = {
			isa = XCConfigurationList;
			buildConfigurations = (
				FEBF05E82BDE57DA00BA933E /* Debug */,
				FEBF05E92BDE57DA00BA933E /* Release */,
			);
			defaultConfigurationIsVisible = 0;
			defaultConfigurationName = Release;
		};
		FEBF05EA2BDE57DA00BA933E /* Build configuration list for PBXNativeTarget "halisaha-iosTests" */ = {
			isa = XCConfigurationList;
			buildConfigurations = (
				FEBF05EB2BDE57DA00BA933E /* Debug */,
				FEBF05EC2BDE57DA00BA933E /* Release */,
			);
			defaultConfigurationIsVisible = 0;
			defaultConfigurationName = Release;
		};
		FEBF05ED2BDE57DA00BA933E /* Build configuration list for PBXNativeTarget "halisaha-iosUITests" */ = {
			isa = XCConfigurationList;
			buildConfigurations = (
				FEBF05EE2BDE57DA00BA933E /* Debug */,
				FEBF05EF2BDE57DA00BA933E /* Release */,
			);
			defaultConfigurationIsVisible = 0;
			defaultConfigurationName = Release;
		};
/* End XCConfigurationList section */
	};
	rootObject = FEBF05B52BDE57D600BA933E /* Project object */;
}
